// !$*UTF8*$!
{
	archiveVersion = 1;
	classes = {
	};
	objectVersion = 50;
	objects = {

/* Begin PBXBuildFile section */
		A418DEE522E6B2A5001A2E2E /* AppDelegate.swift in Sources */ = {isa = PBXBuildFile; fileRef = A418DEE422E6B2A5001A2E2E /* AppDelegate.swift */; };
		A418DEEC22E6B2A6001A2E2E /* Assets.xcassets in Resources */ = {isa = PBXBuildFile; fileRef = A418DEEB22E6B2A6001A2E2E /* Assets.xcassets */; };
		A418DEEF22E6B2A6001A2E2E /* LaunchScreen.storyboard in Resources */ = {isa = PBXBuildFile; fileRef = A418DEED22E6B2A6001A2E2E /* LaunchScreen.storyboard */; };
		A418DEF722E76657001A2E2E /* ChatController.swift in Sources */ = {isa = PBXBuildFile; fileRef = A418DEF622E76657001A2E2E /* ChatController.swift */; };
		A418DEF922E7F9F9001A2E2E /* SentimentPolarity.mlmodel in Sources */ = {isa = PBXBuildFile; fileRef = A418DEF822E7F9F9001A2E2E /* SentimentPolarity.mlmodel */; };
		A418DEFC22E80F50001A2E2E /* SentimentService.swift in Sources */ = {isa = PBXBuildFile; fileRef = A418DEFB22E80F50001A2E2E /* SentimentService.swift */; };
		A418DEFE22E80F88001A2E2E /* Sentiment.swift in Sources */ = {isa = PBXBuildFile; fileRef = A418DEFD22E80F88001A2E2E /* Sentiment.swift */; };
/* End PBXBuildFile section */

/* Begin PBXFileReference section */
		A418DEE122E6B2A5001A2E2E /* TextingWithSentimentAnalysis.app */ = {isa = PBXFileReference; explicitFileType = wrapper.application; includeInIndex = 0; path = TextingWithSentimentAnalysis.app; sourceTree = BUILT_PRODUCTS_DIR; };
		A418DEE422E6B2A5001A2E2E /* AppDelegate.swift */ = {isa = PBXFileReference; lastKnownFileType = sourcecode.swift; path = AppDelegate.swift; sourceTree = "<group>"; };
		A418DEEB22E6B2A6001A2E2E /* Assets.xcassets */ = {isa = PBXFileReference; lastKnownFileType = folder.assetcatalog; path = Assets.xcassets; sourceTree = "<group>"; };
		A418DEEE22E6B2A6001A2E2E /* Base */ = {isa = PBXFileReference; lastKnownFileType = file.storyboard; name = Base; path = Base.lproj/LaunchScreen.storyboard; sourceTree = "<group>"; };
		A418DEF022E6B2A6001A2E2E /* Info.plist */ = {isa = PBXFileReference; lastKnownFileType = text.plist.xml; path = Info.plist; sourceTree = "<group>"; };
		A418DEF622E76657001A2E2E /* ChatController.swift */ = {isa = PBXFileReference; lastKnownFileType = sourcecode.swift; path = ChatController.swift; sourceTree = "<group>"; };
		A418DEF822E7F9F9001A2E2E /* SentimentPolarity.mlmodel */ = {isa = PBXFileReference; lastKnownFileType = file.mlmodel; path = SentimentPolarity.mlmodel; sourceTree = "<group>"; };
		A418DEFB22E80F50001A2E2E /* SentimentService.swift */ = {isa = PBXFileReference; lastKnownFileType = sourcecode.swift; path = SentimentService.swift; sourceTree = "<group>"; };
		A418DEFD22E80F88001A2E2E /* Sentiment.swift */ = {isa = PBXFileReference; lastKnownFileType = sourcecode.swift; path = Sentiment.swift; sourceTree = "<group>"; };
/* End PBXFileReference section */

/* Begin PBXFrameworksBuildPhase section */
		A418DEDE22E6B2A5001A2E2E /* Frameworks */ = {
			isa = PBXFrameworksBuildPhase;
			buildActionMask = 2147483647;
			files = (
			);
			runOnlyForDeploymentPostprocessing = 0;
		};
/* End PBXFrameworksBuildPhase section */

/* Begin PBXGroup section */
		A418DED822E6B2A5001A2E2E = {
			isa = PBXGroup;
			children = (
				A418DEE322E6B2A5001A2E2E /* TextingWithSentimentAnalysis */,
				A418DEE222E6B2A5001A2E2E /* Products */,
			);
			sourceTree = "<group>";
		};
		A418DEE222E6B2A5001A2E2E /* Products */ = {
			isa = PBXGroup;
			children = (
				A418DEE122E6B2A5001A2E2E /* TextingWithSentimentAnalysis.app */,
			);
			name = Products;
			sourceTree = "<group>";
		};
		A418DEE322E6B2A5001A2E2E /* TextingWithSentimentAnalysis */ = {
			isa = PBXGroup;
			children = (
				A418DEFA22E80B9A001A2E2E /* Resources */,
				A418DEFF22E811A2001A2E2E /* Sentiment */,
				A418DEE422E6B2A5001A2E2E /* AppDelegate.swift */,
				A418DEF622E76657001A2E2E /* ChatController.swift */,
			);
			path = TextingWithSentimentAnalysis;
			sourceTree = "<group>";
		};
		A418DEFA22E80B9A001A2E2E /* Resources */ = {
			isa = PBXGroup;
			children = (
				A418DEF822E7F9F9001A2E2E /* SentimentPolarity.mlmodel */,
				A418DEED22E6B2A6001A2E2E /* LaunchScreen.storyboard */,
				A418DEF022E6B2A6001A2E2E /* Info.plist */,
				A418DEEB22E6B2A6001A2E2E /* Assets.xcassets */,
			);
			path = Resources;
			sourceTree = "<group>";
		};
		A418DEFF22E811A2001A2E2E /* Sentiment */ = {
			isa = PBXGroup;
			children = (
				A418DEFB22E80F50001A2E2E /* SentimentService.swift */,
				A418DEFD22E80F88001A2E2E /* Sentiment.swift */,
			);
			path = Sentiment;
			sourceTree = "<group>";
		};
/* End PBXGroup section */

/* Begin PBXNativeTarget section */
		A418DEE022E6B2A5001A2E2E /* TextingWithSentimentAnalysis */ = {
			isa = PBXNativeTarget;
			buildConfigurationList = A418DEF322E6B2A6001A2E2E /* Build configuration list for PBXNativeTarget "TextingWithSentimentAnalysis" */;
			buildPhases = (
				A418DEDD22E6B2A5001A2E2E /* Sources */,
				A418DEDE22E6B2A5001A2E2E /* Frameworks */,
				A418DEDF22E6B2A5001A2E2E /* Resources */,
			);
			buildRules = (
			);
			dependencies = (
			);
			name = TextingWithSentimentAnalysis;
			productName = TextingWithSentimentAnalysis;
			productReference = A418DEE122E6B2A5001A2E2E /* TextingWithSentimentAnalysis.app */;
			productType = "com.apple.product-type.application";
		};
/* End PBXNativeTarget section */

/* Begin PBXProject section */
		A418DED922E6B2A5001A2E2E /* Project object */ = {
			isa = PBXProject;
			attributes = {
				LastSwiftUpdateCheck = 1020;
				LastUpgradeCheck = 1020;
				ORGANIZATIONNAME = "Prudhvi Gadiraju";
				TargetAttributes = {
					A418DEE022E6B2A5001A2E2E = {
						CreatedOnToolsVersion = 10.2.1;
					};
				};
			};
			buildConfigurationList = A418DEDC22E6B2A5001A2E2E /* Build configuration list for PBXProject "TextingWithSentimentAnalysis" */;
			compatibilityVersion = "Xcode 9.3";
			developmentRegion = en;
			hasScannedForEncodings = 0;
			knownRegions = (
				en,
				Base,
			);
			mainGroup = A418DED822E6B2A5001A2E2E;
			productRefGroup = A418DEE222E6B2A5001A2E2E /* Products */;
			projectDirPath = "";
			projectRoot = "";
			targets = (
				A418DEE022E6B2A5001A2E2E /* TextingWithSentimentAnalysis */,
			);
		};
/* End PBXProject section */

/* Begin PBXResourcesBuildPhase section */
		A418DEDF22E6B2A5001A2E2E /* Resources */ = {
			isa = PBXResourcesBuildPhase;
			buildActionMask = 2147483647;
			files = (
				A418DEEF22E6B2A6001A2E2E /* LaunchScreen.storyboard in Resources */,
				A418DEEC22E6B2A6001A2E2E /* Assets.xcassets in Resources */,
			);
			runOnlyForDeploymentPostprocessing = 0;
		};
/* End PBXResourcesBuildPhase section */

/* Begin PBXSourcesBuildPhase section */
		A418DEDD22E6B2A5001A2E2E /* Sources */ = {
			isa = PBXSourcesBuildPhase;
			buildActionMask = 2147483647;
			files = (
				A418DEFE22E80F88001A2E2E /* Sentiment.swift in Sources */,
				A418DEF922E7F9F9001A2E2E /* SentimentPolarity.mlmodel in Sources */,
				A418DEFC22E80F50001A2E2E /* SentimentService.swift in Sources */,
				A418DEE522E6B2A5001A2E2E /* AppDelegate.swift in Sources */,
				A418DEF722E76657001A2E2E /* ChatController.swift in Sources */,
			);
			runOnlyForDeploymentPostprocessing = 0;
		};
/* End PBXSourcesBuildPhase section */

/* Begin PBXVariantGroup section */
		A418DEED22E6B2A6001A2E2E /* LaunchScreen.storyboard */ = {
			isa = PBXVariantGroup;
			children = (
				A418DEEE22E6B2A6001A2E2E /* Base */,
			);
			name = LaunchScreen.storyboard;
			sourceTree = "<group>";
		};
/* End PBXVariantGroup section */

/* Begin XCBuildConfiguration section */
		A418DEF122E6B2A6001A2E2E /* Debug */ = {
			isa = XCBuildConfiguration;
			buildSettings = {
				ALWAYS_SEARCH_USER_PATHS = NO;
				CLANG_ANALYZER_NONNULL = YES;
				CLANG_ANALYZER_NUMBER_OBJECT_CONVERSION = YES_AGGRESSIVE;
				CLANG_CXX_LANGUAGE_STANDARD = "gnu++14";
				CLANG_CXX_LIBRARY = "libc++";
				CLANG_ENABLE_MODULES = YES;
				CLANG_ENABLE_OBJC_ARC = YES;
				CLANG_ENABLE_OBJC_WEAK = YES;
				CLANG_WARN_BLOCK_CAPTURE_AUTORELEASING = YES;
				CLANG_WARN_BOOL_CONVERSION = YES;
				CLANG_WARN_COMMA = YES;
				CLANG_WARN_CONSTANT_CONVERSION = YES;
				CLANG_WARN_DEPRECATED_OBJC_IMPLEMENTATIONS = YES;
				CLANG_WARN_DIRECT_OBJC_ISA_USAGE = YES_ERROR;
				CLANG_WARN_DOCUMENTATION_COMMENTS = YES;
				CLANG_WARN_EMPTY_BODY = YES;
				CLANG_WARN_ENUM_CONVERSION = YES;
				CLANG_WARN_INFINITE_RECURSION = YES;
				CLANG_WARN_INT_CONVERSION = YES;
				CLANG_WARN_NON_LITERAL_NULL_CONVERSION = YES;
				CLANG_WARN_OBJC_IMPLICIT_RETAIN_SELF = YES;
				CLANG_WARN_OBJC_LITERAL_CONVERSION = YES;
				CLANG_WARN_OBJC_ROOT_CLASS = YES_ERROR;
				CLANG_WARN_RANGE_LOOP_ANALYSIS = YES;
				CLANG_WARN_STRICT_PROTOTYPES = YES;
				CLANG_WARN_SUSPICIOUS_MOVE = YES;
				CLANG_WARN_UNGUARDED_AVAILABILITY = YES_AGGRESSIVE;
				CLANG_WARN_UNREACHABLE_CODE = YES;
				CLANG_WARN__DUPLICATE_METHOD_MATCH = YES;
				CODE_SIGN_IDENTITY = "iPhone Developer";
				COPY_PHASE_STRIP = NO;
				DEBUG_INFORMATION_FORMAT = dwarf;
				ENABLE_STRICT_OBJC_MSGSEND = YES;
				ENABLE_TESTABILITY = YES;
				GCC_C_LANGUAGE_STANDARD = gnu11;
				GCC_DYNAMIC_NO_PIC = NO;
				GCC_NO_COMMON_BLOCKS = YES;
				GCC_OPTIMIZATION_LEVEL = 0;
				GCC_PREPROCESSOR_DEFINITIONS = (
					"DEBUG=1",
					"$(inherited)",
				);
				GCC_WARN_64_TO_32_BIT_CONVERSION = YES;
				GCC_WARN_ABOUT_RETURN_TYPE = YES_ERROR;
				GCC_WARN_UNDECLARED_SELECTOR = YES;
				GCC_WARN_UNINITIALIZED_AUTOS = YES_AGGRESSIVE;
				GCC_WARN_UNUSED_FUNCTION = YES;
				GCC_WARN_UNUSED_VARIABLE = YES;
				IPHONEOS_DEPLOYMENT_TARGET = 12.2;
				MTL_ENABLE_DEBUG_INFO = INCLUDE_SOURCE;
				MTL_FAST_MATH = YES;
				ONLY_ACTIVE_ARCH = YES;
				SDKROOT = iphoneos;
				SWIFT_ACTIVE_COMPILATION_CONDITIONS = DEBUG;
				SWIFT_OPTIMIZATION_LEVEL = "-Onone";
			};
			name = Debug;
		};
		A418DEF222E6B2A6001A2E2E /* Release */ = {
			isa = XCBuildConfiguration;
			buildSettings = {
				ALWAYS_SEARCH_USER_PATHS = NO;
				CLANG_ANALYZER_NONNULL = YES;
				CLANG_ANALYZER_NUMBER_OBJECT_CONVERSION = YES_AGGRESSIVE;
				CLANG_CXX_LANGUAGE_STANDARD = "gnu++14";
				CLANG_CXX_LIBRARY = "libc++";
				CLANG_ENABLE_MODULES = YES;
				CLANG_ENABLE_OBJC_ARC = YES;
				CLANG_ENABLE_OBJC_WEAK = YES;
				CLANG_WARN_BLOCK_CAPTURE_AUTORELEASING = YES;
				CLANG_WARN_BOOL_CONVERSION = YES;
				CLANG_WARN_COMMA = YES;
				CLANG_WARN_CONSTANT_CONVERSION = YES;
				CLANG_WARN_DEPRECATED_OBJC_IMPLEMENTATIONS = YES;
				CLANG_WARN_DIRECT_OBJC_ISA_USAGE = YES_ERROR;
				CLANG_WARN_DOCUMENTATION_COMMENTS = YES;
				CLANG_WARN_EMPTY_BODY = YES;
				CLANG_WARN_ENUM_CONVERSION = YES;
				CLANG_WARN_INFINITE_RECURSION = YES;
				CLANG_WARN_INT_CONVERSION = YES;
				CLANG_WARN_NON_LITERAL_NULL_CONVERSION = YES;
				CLANG_WARN_OBJC_IMPLICIT_RETAIN_SELF = YES;
				CLANG_WARN_OBJC_LITERAL_CONVERSION = YES;
				CLANG_WARN_OBJC_ROOT_CLASS = YES_ERROR;
				CLANG_WARN_RANGE_LOOP_ANALYSIS = YES;
				CLANG_WARN_STRICT_PROTOTYPES = YES;
				CLANG_WARN_SUSPICIOUS_MOVE = YES;
				CLANG_WARN_UNGUARDED_AVAILABILITY = YES_AGGRESSIVE;
				CLANG_WARN_UNREACHABLE_CODE = YES;
				CLANG_WARN__DUPLICATE_METHOD_MATCH = YES;
				CODE_SIGN_IDENTITY = "iPhone Developer";
				COPY_PHASE_STRIP = NO;
				DEBUG_INFORMATION_FORMAT = "dwarf-with-dsym";
				ENABLE_NS_ASSERTIONS = NO;
				ENABLE_STRICT_OBJC_MSGSEND = YES;
				GCC_C_LANGUAGE_STANDARD = gnu11;
				GCC_NO_COMMON_BLOCKS = YES;
				GCC_WARN_64_TO_32_BIT_CONVERSION = YES;
				GCC_WARN_ABOUT_RETURN_TYPE = YES_ERROR;
				GCC_WARN_UNDECLARED_SELECTOR = YES;
				GCC_WARN_UNINITIALIZED_AUTOS = YES_AGGRESSIVE;
				GCC_WARN_UNUSED_FUNCTION = YES;
				GCC_WARN_UNUSED_VARIABLE = YES;
				IPHONEOS_DEPLOYMENT_TARGET = 12.2;
				MTL_ENABLE_DEBUG_INFO = NO;
				MTL_FAST_MATH = YES;
				SDKROOT = iphoneos;
				SWIFT_COMPILATION_MODE = wholemodule;
				SWIFT_OPTIMIZATION_LEVEL = "-O";
				VALIDATE_PRODUCT = YES;
			};
			name = Release;
		};
		A418DEF422E6B2A6001A2E2E /* Debug */ = {
			isa = XCBuildConfiguration;
			buildSettings = {
				ASSETCATALOG_COMPILER_APPICON_NAME = AppIcon;
				CODE_SIGN_STYLE = Automatic;
				DEVELOPMENT_TEAM = 4479HNAQMJ;
				INFOPLIST_FILE = TextingWithSentimentAnalysis/Resources/Info.plist;
				LD_RUNPATH_SEARCH_PATHS = (
					"$(inherited)",
					"@executable_path/Frameworks",
				);
				PRODUCT_BUNDLE_IDENTIFIER = me.prudhvi.TextingWithSentimentAnalysis;
				PRODUCT_NAME = "$(TARGET_NAME)";
				SWIFT_VERSION = 5.0;
				TARGETED_DEVICE_FAMILY = "1,2";
			};
			name = Debug;
		};
		A418DEF522E6B2A6001A2E2E /* Release */ = {
			isa = XCBuildConfiguration;
			buildSettings = {
				ASSETCATALOG_COMPILER_APPICON_NAME = AppIcon;
				CODE_SIGN_STYLE = Automatic;
				DEVELOPMENT_TEAM = 4479HNAQMJ;
				INFOPLIST_FILE = TextingWithSentimentAnalysis/Resources/Info.plist;
				LD_RUNPATH_SEARCH_PATHS = (
					"$(inherited)",
					"@executable_path/Frameworks",
				);
				PRODUCT_BUNDLE_IDENTIFIER = me.prudhvi.TextingWithSentimentAnalysis;
				PRODUCT_NAME = "$(TARGET_NAME)";
				SWIFT_VERSION = 5.0;
				TARGETED_DEVICE_FAMILY = "1,2";
			};
			name = Release;
		};
/* End XCBuildConfiguration section */

/* Begin XCConfigurationList section */
		A418DEDC22E6B2A5001A2E2E /* Build configuration list for PBXProject "TextingWithSentimentAnalysis" */ = {
			isa = XCConfigurationList;
			buildConfigurations = (
				A418DEF122E6B2A6001A2E2E /* Debug */,
				A418DEF222E6B2A6001A2E2E /* Release */,
			);
			defaultConfigurationIsVisible = 0;
			defaultConfigurationName = Release;
		};
		A418DEF322E6B2A6001A2E2E /* Build configuration list for PBXNativeTarget "TextingWithSentimentAnalysis" */ = {
			isa = XCConfigurationList;
			buildConfigurations = (
				A418DEF422E6B2A6001A2E2E /* Debug */,
				A418DEF522E6B2A6001A2E2E /* Release */,
			);
			defaultConfigurationIsVisible = 0;
			defaultConfigurationName = Release;
		};
/* End XCConfigurationList section */
	};
	rootObject = A418DED922E6B2A5001A2E2E /* Project object */;
}
